
Microsoft Visual Studio Solution File, Format Version 12.00
Project("{FAE04EC0-301F-11D3-BF4B-00C04F79EFBC}") = "Spotinizer.Tests.Commons", "tests\Spotinizer.Tests.Commons\Spotinizer.Tests.Commons.csproj", "{77F5BE16-AF73-47AD-A4B7-39414007141E}"
EndProject
Project("{FAE04EC0-301F-11D3-BF4B-00C04F79EFBC}") = "Spotinizer.Tests", "tests\Spotinizer.Tests\Spotinizer.Tests.csproj", "{BF367D9C-61B2-442C-8B71-7F161F1D00B9}"
EndProject
Project("{FAE04EC0-301F-11D3-BF4B-00C04F79EFBC}") = "Spotinizer.Api", "src\Spotinizer.Api\Spotinizer.Api.csproj", "{5F571BBB-EABC-4731-B140-BCBE1B0F2DE7}"
EndProject
Project("{FAE04EC0-301F-11D3-BF4B-00C04F79EFBC}") = "Spotinizer.Domain", "src\Spotinizer.Domain\Spotinizer.Domain.csproj", "{8B2F4F35-367F-4751-A55A-5BD6C7559EA2}"
EndProject
Project("{FAE04EC0-301F-11D3-BF4B-00C04F79EFBC}") = "Spotinizer.Data", "src\Spotinizer.Data\Spotinizer.Data.csproj", "{55B87CC6-F37A-494D-AAA0-4A149734930D}"
EndProject
Project("{FAE04EC0-301F-11D3-BF4B-00C04F79EFBC}") = "Spotinizer.Repository", "src\Spotinizer.Repository\Spotinizer.Repository.csproj", "{CC39D8B5-4825-4DDF-A1E1-AF95C5F6C3CE}"
EndProject
Project("{FAE04EC0-301F-11D3-BF4B-00C04F79EFBC}") = "Spotinizer.Services", "src\Spotinizer.Services\Spotinizer.Services.csproj", "{4507698A-3489-4578-A394-CBBAF4A0C7B9}"
EndProject
Global
	GlobalSection(SolutionConfigurationPlatforms) = preSolution
		Debug|Any CPU = Debug|Any CPU
		Release|Any CPU = Release|Any CPU
	EndGlobalSection
	GlobalSection(ProjectConfigurationPlatforms) = postSolution
		{77F5BE16-AF73-47AD-A4B7-39414007141E}.Debug|Any CPU.ActiveCfg = Debug|Any CPU
		{77F5BE16-AF73-47AD-A4B7-39414007141E}.Debug|Any CPU.Build.0 = Debug|Any CPU
		{77F5BE16-AF73-47AD-A4B7-39414007141E}.Release|Any CPU.ActiveCfg = Release|Any CPU
		{77F5BE16-AF73-47AD-A4B7-39414007141E}.Release|Any CPU.Build.0 = Release|Any CPU
		{BF367D9C-61B2-442C-8B71-7F161F1D00B9}.Debug|Any CPU.ActiveCfg = Debug|Any CPU
		{BF367D9C-61B2-442C-8B71-7F161F1D00B9}.Debug|Any CPU.Build.0 = Debug|Any CPU
		{BF367D9C-61B2-442C-8B71-7F161F1D00B9}.Release|Any CPU.ActiveCfg = Release|Any CPU
		{BF367D9C-61B2-442C-8B71-7F161F1D00B9}.Release|Any CPU.Build.0 = Release|Any CPU
		{5F571BBB-EABC-4731-B140-BCBE1B0F2DE7}.Debug|Any CPU.ActiveCfg = Debug|Any CPU
		{5F571BBB-EABC-4731-B140-BCBE1B0F2DE7}.Debug|Any CPU.Build.0 = Debug|Any CPU
		{5F571BBB-EABC-4731-B140-BCBE1B0F2DE7}.Release|Any CPU.ActiveCfg = Release|Any CPU
		{5F571BBB-EABC-4731-B140-BCBE1B0F2DE7}.Release|Any CPU.Build.0 = Release|Any CPU
		{8B2F4F35-367F-4751-A55A-5BD6C7559EA2}.Debug|Any CPU.ActiveCfg = Debug|Any CPU
		{8B2F4F35-367F-4751-A55A-5BD6C7559EA2}.Debug|Any CPU.Build.0 = Debug|Any CPU
		{8B2F4F35-367F-4751-A55A-5BD6C7559EA2}.Release|Any CPU.ActiveCfg = Release|Any CPU
		{8B2F4F35-367F-4751-A55A-5BD6C7559EA2}.Release|Any CPU.Build.0 = Release|Any CPU
		{55B87CC6-F37A-494D-AAA0-4A149734930D}.Debug|Any CPU.ActiveCfg = Debug|Any CPU
		{55B87CC6-F37A-494D-AAA0-4A149734930D}.Debug|Any CPU.Build.0 = Debug|Any CPU
		{55B87CC6-F37A-494D-AAA0-4A149734930D}.Release|Any CPU.ActiveCfg = Release|Any CPU
		{55B87CC6-F37A-494D-AAA0-4A149734930D}.Release|Any CPU.Build.0 = Release|Any CPU
		{CC39D8B5-4825-4DDF-A1E1-AF95C5F6C3CE}.Debug|Any CPU.ActiveCfg = Debug|Any CPU
		{CC39D8B5-4825-4DDF-A1E1-AF95C5F6C3CE}.Debug|Any CPU.Build.0 = Debug|Any CPU
		{CC39D8B5-4825-4DDF-A1E1-AF95C5F6C3CE}.Release|Any CPU.ActiveCfg = Release|Any CPU
		{CC39D8B5-4825-4DDF-A1E1-AF95C5F6C3CE}.Release|Any CPU.Build.0 = Release|Any CPU
		{4507698A-3489-4578-A394-CBBAF4A0C7B9}.Debug|Any CPU.ActiveCfg = Debug|Any CPU
		{4507698A-3489-4578-A394-CBBAF4A0C7B9}.Debug|Any CPU.Build.0 = Debug|Any CPU
		{4507698A-3489-4578-A394-CBBAF4A0C7B9}.Release|Any CPU.ActiveCfg = Release|Any CPU
		{4507698A-3489-4578-A394-CBBAF4A0C7B9}.Release|Any CPU.Build.0 = Release|Any CPU
	EndGlobalSection
EndGlobal
